
Microsoft Visual Studio Solution File, Format Version 12.00
# Visual Studio Version 16
VisualStudioVersion = 16.0.30907.101
MinimumVisualStudioVersion = 10.0.40219.1
Project("{FAE04EC0-301F-11D3-BF4B-00C04F79EFBC}") = "caracter1", "caracter1\caracter1.csproj", "{C7006DE3-B8BB-443A-9E88-D23D5BBA9CDC}"
EndProject
Global
	GlobalSection(SolutionConfigurationPlatforms) = preSolution
		Debug|Any CPU = Debug|Any CPU
		Release|Any CPU = Release|Any CPU
	EndGlobalSection
	GlobalSection(ProjectConfigurationPlatforms) = postSolution
		{C7006DE3-B8BB-443A-9E88-D23D5BBA9CDC}.Debug|Any CPU.ActiveCfg = Debug|Any CPU
		{C7006DE3-B8BB-443A-9E88-D23D5BBA9CDC}.Debug|Any CPU.Build.0 = Debug|Any CPU
		{C7006DE3-B8BB-443A-9E88-D23D5BBA9CDC}.Release|Any CPU.ActiveCfg = Release|Any CPU
		{C7006DE3-B8BB-443A-9E88-D23D5BBA9CDC}.Release|Any CPU.Build.0 = Release|Any CPU
	EndGlobalSection
	GlobalSection(SolutionProperties) = preSolution
		HideSolutionNode = FALSE
	EndGlobalSection
	GlobalSection(ExtensibilityGlobals) = postSolution
		SolutionGuid = {208078AD-2578-4EF7-9DD8-8D4EA4D0C09E}
	EndGlobalSection
EndGlobal
